// !$*UTF8*$!
{
	archiveVersion = 1;
	classes = {
	};
	objectVersion = 50;
	objects = {

/* Begin PBXBuildFile section */
		840922E1215DC52900A089A6 /* hud_loading_02@2x.png in Resources */ = {isa = PBXBuildFile; fileRef = 840922DD215DC52900A089A6 /* hud_loading_02@2x.png */; };
		840922E2215DC52900A089A6 /* hud_loading_00@2x.png in Resources */ = {isa = PBXBuildFile; fileRef = 840922DE215DC52900A089A6 /* hud_loading_00@2x.png */; };
		840922E3215DC52900A089A6 /* hud_loading_03@2x.png in Resources */ = {isa = PBXBuildFile; fileRef = 840922DF215DC52900A089A6 /* hud_loading_03@2x.png */; };
		840922E4215DC52900A089A6 /* hud_loading_01@2x.png in Resources */ = {isa = PBXBuildFile; fileRef = 840922E0215DC52900A089A6 /* hud_loading_01@2x.png */; };
		840922E8215E04BA00A089A6 /* NSObject+cz.m in Sources */ = {isa = PBXBuildFile; fileRef = 840922E7215E04BA00A089A6 /* NSObject+cz.m */; };
		840922EE215E2C5200A089A6 /* CZHTTP.m in Sources */ = {isa = PBXBuildFile; fileRef = 840922ED215E2C5200A089A6 /* CZHTTP.m */; };
		8479650D21819DA0002290DF /* CZHTTPDemo.m in Sources */ = {isa = PBXBuildFile; fileRef = 8479650C21819DA0002290DF /* CZHTTPDemo.m */; };
		847965102181A3B2002290DF /* NSDictionary+cz.m in Sources */ = {isa = PBXBuildFile; fileRef = 8479650F2181A3B2002290DF /* NSDictionary+cz.m */; };
		847965132181A97D002290DF /* NSArray+cz.m in Sources */ = {isa = PBXBuildFile; fileRef = 847965122181A97D002290DF /* NSArray+cz.m */; };
		84B009D021524B2300D3697D /* AppDelegate.m in Sources */ = {isa = PBXBuildFile; fileRef = 84B009CF21524B2300D3697D /* AppDelegate.m */; };
		84B009D321524B2300D3697D /* ViewController.m in Sources */ = {isa = PBXBuildFile; fileRef = 84B009D221524B2300D3697D /* ViewController.m */; };
		84B009D621524B2300D3697D /* Main.storyboard in Resources */ = {isa = PBXBuildFile; fileRef = 84B009D421524B2300D3697D /* Main.storyboard */; };
		84B009D821524B2500D3697D /* Assets.xcassets in Resources */ = {isa = PBXBuildFile; fileRef = 84B009D721524B2500D3697D /* Assets.xcassets */; };
		84B009DB21524B2500D3697D /* LaunchScreen.storyboard in Resources */ = {isa = PBXBuildFile; fileRef = 84B009D921524B2500D3697D /* LaunchScreen.storyboard */; };
		84B009DE21524B2500D3697D /* main.m in Sources */ = {isa = PBXBuildFile; fileRef = 84B009DD21524B2500D3697D /* main.m */; };
		84B009E821524B2500D3697D /* CZLibraryTests.m in Sources */ = {isa = PBXBuildFile; fileRef = 84B009E721524B2500D3697D /* CZLibraryTests.m */; };
		84B009F321524B2500D3697D /* CZLibraryUITests.m in Sources */ = {isa = PBXBuildFile; fileRef = 84B009F221524B2500D3697D /* CZLibraryUITests.m */; };
		84B00A0C2152568200D3697D /* NSString+cz.m in Sources */ = {isa = PBXBuildFile; fileRef = 84B00A0A2152568200D3697D /* NSString+cz.m */; };
		84B00A0D2152568200D3697D /* NSMutableDictionary+cz.m in Sources */ = {isa = PBXBuildFile; fileRef = 84B00A0B2152568200D3697D /* NSMutableDictionary+cz.m */; };
		84B00A1E2152580E00D3697D /* UIScrollView+cz.m in Sources */ = {isa = PBXBuildFile; fileRef = 84B00A132152580E00D3697D /* UIScrollView+cz.m */; };
		84B00A1F2152580E00D3697D /* UIImage+cz.m in Sources */ = {isa = PBXBuildFile; fileRef = 84B00A142152580E00D3697D /* UIImage+cz.m */; };
		84B00A202152580E00D3697D /* UIView+cz.m in Sources */ = {isa = PBXBuildFile; fileRef = 84B00A152152580E00D3697D /* UIView+cz.m */; };
		84B00A212152580E00D3697D /* UINavigationController+cz.m in Sources */ = {isa = PBXBuildFile; fileRef = 84B00A162152580E00D3697D /* UINavigationController+cz.m */; };
		84B00A222152580E00D3697D /* UIWindow+cz.m in Sources */ = {isa = PBXBuildFile; fileRef = 84B00A172152580E00D3697D /* UIWindow+cz.m */; };
		84B00A232152580E00D3697D /* UIColor+cz.m in Sources */ = {isa = PBXBuildFile; fileRef = 84B00A182152580E00D3697D /* UIColor+cz.m */; };
		84B00A242152580E00D3697D /* UIFont+cz.m in Sources */ = {isa = PBXBuildFile; fileRef = 84B00A192152580E00D3697D /* UIFont+cz.m */; };
		84B00A2F2153343400D3697D /* CZRandom.m in Sources */ = {isa = PBXBuildFile; fileRef = 84B00A282153343400D3697D /* CZRandom.m */; };
		84B00A302153343400D3697D /* CZLog.m in Sources */ = {isa = PBXBuildFile; fileRef = 84B00A2B2153343400D3697D /* CZLog.m */; };
		84B00A312153343400D3697D /* CZDateTransform.m in Sources */ = {isa = PBXBuildFile; fileRef = 84B00A2D2153343400D3697D /* CZDateTransform.m */; };
		84B00A322153343400D3697D /* CZAdaptTool.m in Sources */ = {isa = PBXBuildFile; fileRef = 84B00A2E2153343400D3697D /* CZAdaptTool.m */; };
		84B00A362153344700D3697D /* CZOnePixelView.m in Sources */ = {isa = PBXBuildFile; fileRef = 84B00A352153344700D3697D /* CZOnePixelView.m */; };
		84B00A462153345600D3697D /* CZHUD.m in Sources */ = {isa = PBXBuildFile; fileRef = 84B00A382153345600D3697D /* CZHUD.m */; };
		84B00A5F2153346200D3697D /* CZRootViewController.m in Sources */ = {isa = PBXBuildFile; fileRef = 84B00A532153346200D3697D /* CZRootViewController.m */; };
		84B00A602153346200D3697D /* CZLaunchViewController.m in Sources */ = {isa = PBXBuildFile; fileRef = 84B00A542153346200D3697D /* CZLaunchViewController.m */; };
		84B00A612153346200D3697D /* CZTabBarController.m in Sources */ = {isa = PBXBuildFile; fileRef = 84B00A552153346200D3697D /* CZTabBarController.m */; };
		84B00A632153346200D3697D /* CZCoverViewController.m in Sources */ = {isa = PBXBuildFile; fileRef = 84B00A5D2153346200D3697D /* CZCoverViewController.m */; };
		84B00A642153346200D3697D /* CZNavigationController.m in Sources */ = {isa = PBXBuildFile; fileRef = 84B00A5E2153346200D3697D /* CZNavigationController.m */; };
		84B00A6D215337C900D3697D /* CZBaseView.m in Sources */ = {isa = PBXBuildFile; fileRef = 84B00A69215337C900D3697D /* CZBaseView.m */; };
		84B00A6E215337C900D3697D /* CZBaseViewController.m in Sources */ = {isa = PBXBuildFile; fileRef = 84B00A6A215337C900D3697D /* CZBaseViewController.m */; };
		86B042B92A2FBC7114C22E38 /* libPods-CZLibrary.a in Frameworks */ = {isa = PBXBuildFile; fileRef = 21057F715AB3D17FE92462A4 /* libPods-CZLibrary.a */; };
/* End PBXBuildFile section */

/* Begin PBXContainerItemProxy section */
		84B009E421524B2500D3697D /* PBXContainerItemProxy */ = {
			isa = PBXContainerItemProxy;
			containerPortal = 84B009C321524B2300D3697D /* Project object */;
			proxyType = 1;
			remoteGlobalIDString = 84B009CA21524B2300D3697D;
			remoteInfo = CZLibrary;
		};
		84B009EF21524B2500D3697D /* PBXContainerItemProxy */ = {
			isa = PBXContainerItemProxy;
			containerPortal = 84B009C321524B2300D3697D /* Project object */;
			proxyType = 1;
			remoteGlobalIDString = 84B009CA21524B2300D3697D;
			remoteInfo = CZLibrary;
		};
/* End PBXContainerItemProxy section */

/* Begin PBXFileReference section */
		1D30D4208500DAF78794AACB /* Pods-CZLibrary.release.xcconfig */ = {isa = PBXFileReference; includeInIndex = 1; lastKnownFileType = text.xcconfig; name = "Pods-CZLibrary.release.xcconfig"; path = "Pods/Target Support Files/Pods-CZLibrary/Pods-CZLibrary.release.xcconfig"; sourceTree = "<group>"; };
		21057F715AB3D17FE92462A4 /* libPods-CZLibrary.a */ = {isa = PBXFileReference; explicitFileType = archive.ar; includeInIndex = 0; path = "libPods-CZLibrary.a"; sourceTree = BUILT_PRODUCTS_DIR; };
		840922DD215DC52900A089A6 /* hud_loading_02@2x.png */ = {isa = PBXFileReference; lastKnownFileType = image.png; path = "hud_loading_02@2x.png"; sourceTree = "<group>"; };
		840922DE215DC52900A089A6 /* hud_loading_00@2x.png */ = {isa = PBXFileReference; lastKnownFileType = image.png; path = "hud_loading_00@2x.png"; sourceTree = "<group>"; };
		840922DF215DC52900A089A6 /* hud_loading_03@2x.png */ = {isa = PBXFileReference; lastKnownFileType = image.png; path = "hud_loading_03@2x.png"; sourceTree = "<group>"; };
		840922E0215DC52900A089A6 /* hud_loading_01@2x.png */ = {isa = PBXFileReference; lastKnownFileType = image.png; path = "hud_loading_01@2x.png"; sourceTree = "<group>"; };
		840922E6215E04BA00A089A6 /* NSObject+cz.h */ = {isa = PBXFileReference; lastKnownFileType = sourcecode.c.h; path = "NSObject+cz.h"; sourceTree = "<group>"; };
		840922E7215E04BA00A089A6 /* NSObject+cz.m */ = {isa = PBXFileReference; lastKnownFileType = sourcecode.c.objc; path = "NSObject+cz.m"; sourceTree = "<group>"; };
		840922EC215E2C5200A089A6 /* CZHTTP.h */ = {isa = PBXFileReference; lastKnownFileType = sourcecode.c.h; path = CZHTTP.h; sourceTree = "<group>"; };
		840922ED215E2C5200A089A6 /* CZHTTP.m */ = {isa = PBXFileReference; lastKnownFileType = sourcecode.c.objc; path = CZHTTP.m; sourceTree = "<group>"; };
		8479650B21819DA0002290DF /* CZHTTPDemo.h */ = {isa = PBXFileReference; lastKnownFileType = sourcecode.c.h; path = CZHTTPDemo.h; sourceTree = "<group>"; };
		8479650C21819DA0002290DF /* CZHTTPDemo.m */ = {isa = PBXFileReference; lastKnownFileType = sourcecode.c.objc; path = CZHTTPDemo.m; sourceTree = "<group>"; };
		8479650E2181A3B2002290DF /* NSDictionary+cz.h */ = {isa = PBXFileReference; lastKnownFileType = sourcecode.c.h; path = "NSDictionary+cz.h"; sourceTree = "<group>"; };
		8479650F2181A3B2002290DF /* NSDictionary+cz.m */ = {isa = PBXFileReference; lastKnownFileType = sourcecode.c.objc; path = "NSDictionary+cz.m"; sourceTree = "<group>"; };
		847965112181A97D002290DF /* NSArray+cz.h */ = {isa = PBXFileReference; lastKnownFileType = sourcecode.c.h; path = "NSArray+cz.h"; sourceTree = "<group>"; };
		847965122181A97D002290DF /* NSArray+cz.m */ = {isa = PBXFileReference; lastKnownFileType = sourcecode.c.objc; path = "NSArray+cz.m"; sourceTree = "<group>"; };
		84B009CB21524B2300D3697D /* CZLibrary.app */ = {isa = PBXFileReference; explicitFileType = wrapper.application; includeInIndex = 0; path = CZLibrary.app; sourceTree = BUILT_PRODUCTS_DIR; };
		84B009CE21524B2300D3697D /* AppDelegate.h */ = {isa = PBXFileReference; lastKnownFileType = sourcecode.c.h; path = AppDelegate.h; sourceTree = "<group>"; };
		84B009CF21524B2300D3697D /* AppDelegate.m */ = {isa = PBXFileReference; lastKnownFileType = sourcecode.c.objc; path = AppDelegate.m; sourceTree = "<group>"; };
		84B009D121524B2300D3697D /* ViewController.h */ = {isa = PBXFileReference; lastKnownFileType = sourcecode.c.h; path = ViewController.h; sourceTree = "<group>"; };
		84B009D221524B2300D3697D /* ViewController.m */ = {isa = PBXFileReference; lastKnownFileType = sourcecode.c.objc; path = ViewController.m; sourceTree = "<group>"; };
		84B009D521524B2300D3697D /* Base */ = {isa = PBXFileReference; lastKnownFileType = file.storyboard; name = Base; path = Base.lproj/Main.storyboard; sourceTree = "<group>"; };
		84B009D721524B2500D3697D /* Assets.xcassets */ = {isa = PBXFileReference; lastKnownFileType = folder.assetcatalog; path = Assets.xcassets; sourceTree = "<group>"; };
		84B009DA21524B2500D3697D /* Base */ = {isa = PBXFileReference; lastKnownFileType = file.storyboard; name = Base; path = Base.lproj/LaunchScreen.storyboard; sourceTree = "<group>"; };
		84B009DC21524B2500D3697D /* Info.plist */ = {isa = PBXFileReference; lastKnownFileType = text.plist.xml; path = Info.plist; sourceTree = "<group>"; };
		84B009DD21524B2500D3697D /* main.m */ = {isa = PBXFileReference; lastKnownFileType = sourcecode.c.objc; path = main.m; sourceTree = "<group>"; };
		84B009E321524B2500D3697D /* CZLibraryTests.xctest */ = {isa = PBXFileReference; explicitFileType = wrapper.cfbundle; includeInIndex = 0; path = CZLibraryTests.xctest; sourceTree = BUILT_PRODUCTS_DIR; };
		84B009E721524B2500D3697D /* CZLibraryTests.m */ = {isa = PBXFileReference; lastKnownFileType = sourcecode.c.objc; path = CZLibraryTests.m; sourceTree = "<group>"; };
		84B009E921524B2500D3697D /* Info.plist */ = {isa = PBXFileReference; lastKnownFileType = text.plist.xml; path = Info.plist; sourceTree = "<group>"; };
		84B009EE21524B2500D3697D /* CZLibraryUITests.xctest */ = {isa = PBXFileReference; explicitFileType = wrapper.cfbundle; includeInIndex = 0; path = CZLibraryUITests.xctest; sourceTree = BUILT_PRODUCTS_DIR; };
		84B009F221524B2500D3697D /* CZLibraryUITests.m */ = {isa = PBXFileReference; lastKnownFileType = sourcecode.c.objc; path = CZLibraryUITests.m; sourceTree = "<group>"; };
		84B009F421524B2500D3697D /* Info.plist */ = {isa = PBXFileReference; lastKnownFileType = text.plist.xml; path = Info.plist; sourceTree = "<group>"; };
		84B00A0421524D3900D3697D /* CZLibrary.h */ = {isa = PBXFileReference; lastKnownFileType = sourcecode.c.h; path = CZLibrary.h; sourceTree = "<group>"; };
		84B00A072152568200D3697D /* NSString+cz.h */ = {isa = PBXFileReference; fileEncoding = 4; lastKnownFileType = sourcecode.c.h; path = "NSString+cz.h"; sourceTree = "<group>"; };
		84B00A082152568200D3697D /* NSMutableDictionary+cz.h */ = {isa = PBXFileReference; fileEncoding = 4; lastKnownFileType = sourcecode.c.h; path = "NSMutableDictionary+cz.h"; sourceTree = "<group>"; };
		84B00A092152568200D3697D /* CZFoundationHeader.h */ = {isa = PBXFileReference; fileEncoding = 4; lastKnownFileType = sourcecode.c.h; path = CZFoundationHeader.h; sourceTree = "<group>"; };
		84B00A0A2152568200D3697D /* NSString+cz.m */ = {isa = PBXFileReference; fileEncoding = 4; lastKnownFileType = sourcecode.c.objc; path = "NSString+cz.m"; sourceTree = "<group>"; };
		84B00A0B2152568200D3697D /* NSMutableDictionary+cz.m */ = {isa = PBXFileReference; fileEncoding = 4; lastKnownFileType = sourcecode.c.objc; path = "NSMutableDictionary+cz.m"; sourceTree = "<group>"; };
		84B00A0F2152580E00D3697D /* UIFont+cz.h */ = {isa = PBXFileReference; fileEncoding = 4; lastKnownFileType = sourcecode.c.h; path = "UIFont+cz.h"; sourceTree = "<group>"; };
		84B00A102152580E00D3697D /* CZUIKitHeader.h */ = {isa = PBXFileReference; fileEncoding = 4; lastKnownFileType = sourcecode.c.h; path = CZUIKitHeader.h; sourceTree = "<group>"; };
		84B00A112152580E00D3697D /* UIColor+cz.h */ = {isa = PBXFileReference; fileEncoding = 4; lastKnownFileType = sourcecode.c.h; path = "UIColor+cz.h"; sourceTree = "<group>"; };
		84B00A122152580E00D3697D /* UIWindow+cz.h */ = {isa = PBXFileReference; fileEncoding = 4; lastKnownFileType = sourcecode.c.h; path = "UIWindow+cz.h"; sourceTree = "<group>"; };
		84B00A132152580E00D3697D /* UIScrollView+cz.m */ = {isa = PBXFileReference; fileEncoding = 4; lastKnownFileType = sourcecode.c.objc; path = "UIScrollView+cz.m"; sourceTree = "<group>"; };
		84B00A142152580E00D3697D /* UIImage+cz.m */ = {isa = PBXFileReference; fileEncoding = 4; lastKnownFileType = sourcecode.c.objc; path = "UIImage+cz.m"; sourceTree = "<group>"; };
		84B00A152152580E00D3697D /* UIView+cz.m */ = {isa = PBXFileReference; fileEncoding = 4; lastKnownFileType = sourcecode.c.objc; path = "UIView+cz.m"; sourceTree = "<group>"; };
		84B00A162152580E00D3697D /* UINavigationController+cz.m */ = {isa = PBXFileReference; fileEncoding = 4; lastKnownFileType = sourcecode.c.objc; path = "UINavigationController+cz.m"; sourceTree = "<group>"; };
		84B00A172152580E00D3697D /* UIWindow+cz.m */ = {isa = PBXFileReference; fileEncoding = 4; lastKnownFileType = sourcecode.c.objc; path = "UIWindow+cz.m"; sourceTree = "<group>"; };
		84B00A182152580E00D3697D /* UIColor+cz.m */ = {isa = PBXFileReference; fileEncoding = 4; lastKnownFileType = sourcecode.c.objc; path = "UIColor+cz.m"; sourceTree = "<group>"; };
		84B00A192152580E00D3697D /* UIFont+cz.m */ = {isa = PBXFileReference; fileEncoding = 4; lastKnownFileType = sourcecode.c.objc; path = "UIFont+cz.m"; sourceTree = "<group>"; };
		84B00A1A2152580E00D3697D /* UIImage+cz.h */ = {isa = PBXFileReference; fileEncoding = 4; lastKnownFileType = sourcecode.c.h; path = "UIImage+cz.h"; sourceTree = "<group>"; };
		84B00A1B2152580E00D3697D /* UIScrollView+cz.h */ = {isa = PBXFileReference; fileEncoding = 4; lastKnownFileType = sourcecode.c.h; path = "UIScrollView+cz.h"; sourceTree = "<group>"; };
		84B00A1C2152580E00D3697D /* UINavigationController+cz.h */ = {isa = PBXFileReference; fileEncoding = 4; lastKnownFileType = sourcecode.c.h; path = "UINavigationController+cz.h"; sourceTree = "<group>"; };
		84B00A1D2152580E00D3697D /* UIView+cz.h */ = {isa = PBXFileReference; fileEncoding = 4; lastKnownFileType = sourcecode.c.h; path = "UIView+cz.h"; sourceTree = "<group>"; };
		84B00A252153341100D3697D /* CZLibraryMacro.h */ = {isa = PBXFileReference; fileEncoding = 4; lastKnownFileType = sourcecode.c.h; path = CZLibraryMacro.h; sourceTree = "<group>"; };
		84B00A272153343400D3697D /* CZLog.h */ = {isa = PBXFileReference; fileEncoding = 4; lastKnownFileType = sourcecode.c.h; path = CZLog.h; sourceTree = "<group>"; };
		84B00A282153343400D3697D /* CZRandom.m */ = {isa = PBXFileReference; fileEncoding = 4; lastKnownFileType = sourcecode.c.objc; path = CZRandom.m; sourceTree = "<group>"; };
		84B00A292153343400D3697D /* CZAdaptTool.h */ = {isa = PBXFileReference; fileEncoding = 4; lastKnownFileType = sourcecode.c.h; path = CZAdaptTool.h; sourceTree = "<group>"; };
		84B00A2A2153343400D3697D /* CZDateTransform.h */ = {isa = PBXFileReference; fileEncoding = 4; lastKnownFileType = sourcecode.c.h; path = CZDateTransform.h; sourceTree = "<group>"; };
		84B00A2B2153343400D3697D /* CZLog.m */ = {isa = PBXFileReference; fileEncoding = 4; lastKnownFileType = sourcecode.c.objc; path = CZLog.m; sourceTree = "<group>"; };
		84B00A2C2153343400D3697D /* CZRandom.h */ = {isa = PBXFileReference; fileEncoding = 4; lastKnownFileType = sourcecode.c.h; path = CZRandom.h; sourceTree = "<group>"; };
		84B00A2D2153343400D3697D /* CZDateTransform.m */ = {isa = PBXFileReference; fileEncoding = 4; lastKnownFileType = sourcecode.c.objc; path = CZDateTransform.m; sourceTree = "<group>"; };
		84B00A2E2153343400D3697D /* CZAdaptTool.m */ = {isa = PBXFileReference; fileEncoding = 4; lastKnownFileType = sourcecode.c.objc; path = CZAdaptTool.m; sourceTree = "<group>"; };
		84B00A342153344700D3697D /* CZOnePixelView.h */ = {isa = PBXFileReference; fileEncoding = 4; lastKnownFileType = sourcecode.c.h; path = CZOnePixelView.h; sourceTree = "<group>"; };
		84B00A352153344700D3697D /* CZOnePixelView.m */ = {isa = PBXFileReference; fileEncoding = 4; lastKnownFileType = sourcecode.c.objc; path = CZOnePixelView.m; sourceTree = "<group>"; };
		84B00A382153345600D3697D /* CZHUD.m */ = {isa = PBXFileReference; fileEncoding = 4; lastKnownFileType = sourcecode.c.objc; path = CZHUD.m; sourceTree = "<group>"; };
		84B00A392153345600D3697D /* CZHUD.h */ = {isa = PBXFileReference; fileEncoding = 4; lastKnownFileType = sourcecode.c.h; path = CZHUD.h; sourceTree = "<group>"; };
		84B00A532153346200D3697D /* CZRootViewController.m */ = {isa = PBXFileReference; fileEncoding = 4; lastKnownFileType = sourcecode.c.objc; path = CZRootViewController.m; sourceTree = "<group>"; };
		84B00A542153346200D3697D /* CZLaunchViewController.m */ = {isa = PBXFileReference; fileEncoding = 4; lastKnownFileType = sourcecode.c.objc; path = CZLaunchViewController.m; sourceTree = "<group>"; };
		84B00A552153346200D3697D /* CZTabBarController.m */ = {isa = PBXFileReference; fileEncoding = 4; lastKnownFileType = sourcecode.c.objc; path = CZTabBarController.m; sourceTree = "<group>"; };
		84B00A562153346200D3697D /* CZNavigationController.h */ = {isa = PBXFileReference; fileEncoding = 4; lastKnownFileType = sourcecode.c.h; path = CZNavigationController.h; sourceTree = "<group>"; };
		84B00A592153346200D3697D /* CZCoverViewController.h */ = {isa = PBXFileReference; fileEncoding = 4; lastKnownFileType = sourcecode.c.h; path = CZCoverViewController.h; sourceTree = "<group>"; };
		84B00A5A2153346200D3697D /* CZLaunchViewController.h */ = {isa = PBXFileReference; fileEncoding = 4; lastKnownFileType = sourcecode.c.h; path = CZLaunchViewController.h; sourceTree = "<group>"; };
		84B00A5B2153346200D3697D /* CZRootViewController.h */ = {isa = PBXFileReference; fileEncoding = 4; lastKnownFileType = sourcecode.c.h; path = CZRootViewController.h; sourceTree = "<group>"; };
		84B00A5C2153346200D3697D /* CZTabBarController.h */ = {isa = PBXFileReference; fileEncoding = 4; lastKnownFileType = sourcecode.c.h; path = CZTabBarController.h; sourceTree = "<group>"; };
		84B00A5D2153346200D3697D /* CZCoverViewController.m */ = {isa = PBXFileReference; fileEncoding = 4; lastKnownFileType = sourcecode.c.objc; path = CZCoverViewController.m; sourceTree = "<group>"; };
		84B00A5E2153346200D3697D /* CZNavigationController.m */ = {isa = PBXFileReference; fileEncoding = 4; lastKnownFileType = sourcecode.c.objc; path = CZNavigationController.m; sourceTree = "<group>"; };
		84B00A662153370000D3697D /* CZToolsHeader.h */ = {isa = PBXFileReference; lastKnownFileType = sourcecode.c.h; path = CZToolsHeader.h; sourceTree = "<group>"; };
		84B00A672153374F00D3697D /* CZUIHeader.h */ = {isa = PBXFileReference; lastKnownFileType = sourcecode.c.h; path = CZUIHeader.h; sourceTree = "<group>"; };
		84B00A69215337C900D3697D /* CZBaseView.m */ = {isa = PBXFileReference; fileEncoding = 4; lastKnownFileType = sourcecode.c.objc; path = CZBaseView.m; sourceTree = "<group>"; };
		84B00A6A215337C900D3697D /* CZBaseViewController.m */ = {isa = PBXFileReference; fileEncoding = 4; lastKnownFileType = sourcecode.c.objc; path = CZBaseViewController.m; sourceTree = "<group>"; };
		84B00A6B215337C900D3697D /* CZBaseView.h */ = {isa = PBXFileReference; fileEncoding = 4; lastKnownFileType = sourcecode.c.h; path = CZBaseView.h; sourceTree = "<group>"; };
		84B00A6C215337C900D3697D /* CZBaseViewController.h */ = {isa = PBXFileReference; fileEncoding = 4; lastKnownFileType = sourcecode.c.h; path = CZBaseViewController.h; sourceTree = "<group>"; };
		F3A9D04ACB15219D5E2AD3B1 /* Pods-CZLibrary.debug.xcconfig */ = {isa = PBXFileReference; includeInIndex = 1; lastKnownFileType = text.xcconfig; name = "Pods-CZLibrary.debug.xcconfig"; path = "Pods/Target Support Files/Pods-CZLibrary/Pods-CZLibrary.debug.xcconfig"; sourceTree = "<group>"; };
/* End PBXFileReference section */

/* Begin PBXFrameworksBuildPhase section */
		84B009C821524B2300D3697D /* Frameworks */ = {
			isa = PBXFrameworksBuildPhase;
			buildActionMask = 2147483647;
			files = (
				86B042B92A2FBC7114C22E38 /* libPods-CZLibrary.a in Frameworks */,
			);
			runOnlyForDeploymentPostprocessing = 0;
		};
		84B009E021524B2500D3697D /* Frameworks */ = {
			isa = PBXFrameworksBuildPhase;
			buildActionMask = 2147483647;
			files = (
			);
			runOnlyForDeploymentPostprocessing = 0;
		};
		84B009EB21524B2500D3697D /* Frameworks */ = {
			isa = PBXFrameworksBuildPhase;
			buildActionMask = 2147483647;
			files = (
			);
			runOnlyForDeploymentPostprocessing = 0;
		};
/* End PBXFrameworksBuildPhase section */

/* Begin PBXGroup section */
		18DCA7FEF9CBDA7797C72A64 /* Frameworks */ = {
			isa = PBXGroup;
			children = (
				21057F715AB3D17FE92462A4 /* libPods-CZLibrary.a */,
			);
			name = Frameworks;
			sourceTree = "<group>";
		};
		5F389B2060DA28AAF9E3A9BD /* Pods */ = {
			isa = PBXGroup;
			children = (
				F3A9D04ACB15219D5E2AD3B1 /* Pods-CZLibrary.debug.xcconfig */,
				1D30D4208500DAF78794AACB /* Pods-CZLibrary.release.xcconfig */,
			);
			name = Pods;
			sourceTree = "<group>";
		};
		8479650A21819D7F002290DF /* Tools */ = {
			isa = PBXGroup;
			children = (
				8479650B21819DA0002290DF /* CZHTTPDemo.h */,
				8479650C21819DA0002290DF /* CZHTTPDemo.m */,
			);
			path = Tools;
			sourceTree = "<group>";
		};
		84B009C221524B2300D3697D = {
			isa = PBXGroup;
			children = (
				84B009CD21524B2300D3697D /* CZLibrary */,
				84B009E621524B2500D3697D /* CZLibraryTests */,
				84B009F121524B2500D3697D /* CZLibraryUITests */,
				84B009CC21524B2300D3697D /* Products */,
				5F389B2060DA28AAF9E3A9BD /* Pods */,
				18DCA7FEF9CBDA7797C72A64 /* Frameworks */,
			);
			sourceTree = "<group>";
		};
		84B009CC21524B2300D3697D /* Products */ = {
			isa = PBXGroup;
			children = (
				84B009CB21524B2300D3697D /* CZLibrary.app */,
				84B009E321524B2500D3697D /* CZLibraryTests.xctest */,
				84B009EE21524B2500D3697D /* CZLibraryUITests.xctest */,
			);
			name = Products;
			sourceTree = "<group>";
		};
		84B009CD21524B2300D3697D /* CZLibrary */ = {
			isa = PBXGroup;
			children = (
				84B00A6F21533DFE00D3697D /* Store */,
				84B00A0021524BB600D3697D /* Lbirary */,
				84B009CE21524B2300D3697D /* AppDelegate.h */,
				84B009CF21524B2300D3697D /* AppDelegate.m */,
				84B009D121524B2300D3697D /* ViewController.h */,
				84B009D221524B2300D3697D /* ViewController.m */,
				84B009D421524B2300D3697D /* Main.storyboard */,
				84B009D721524B2500D3697D /* Assets.xcassets */,
				84B009D921524B2500D3697D /* LaunchScreen.storyboard */,
				84B009DC21524B2500D3697D /* Info.plist */,
				84B009DD21524B2500D3697D /* main.m */,
			);
			path = CZLibrary;
			sourceTree = "<group>";
		};
		84B009E621524B2500D3697D /* CZLibraryTests */ = {
			isa = PBXGroup;
			children = (
				84B009E721524B2500D3697D /* CZLibraryTests.m */,
				84B009E921524B2500D3697D /* Info.plist */,
			);
			path = CZLibraryTests;
			sourceTree = "<group>";
		};
		84B009F121524B2500D3697D /* CZLibraryUITests */ = {
			isa = PBXGroup;
			children = (
				84B009F221524B2500D3697D /* CZLibraryUITests.m */,
				84B009F421524B2500D3697D /* Info.plist */,
			);
			path = CZLibraryUITests;
			sourceTree = "<group>";
		};
		84B00A0021524BB600D3697D /* Lbirary */ = {
			isa = PBXGroup;
			children = (
				84B00A0421524D3900D3697D /* CZLibrary.h */,
				84B00A252153341100D3697D /* CZLibraryMacro.h */,
				84B00A65215334B100D3697D /* Assets */,
				84B00A7E2153501000D3697D /* FoundationCategory */,
				84B00A892153542700D3697D /* UIKitCategory */,
				84B00A802153507100D3697D /* Tools */,
				84B00A85215350BB00D3697D /* UI */,
			);
			path = Lbirary;
			sourceTree = "<group>";
		};
		84B00A522153346200D3697D /* Main */ = {
			isa = PBXGroup;
			children = (
				84B00A5B2153346200D3697D /* CZRootViewController.h */,
				84B00A532153346200D3697D /* CZRootViewController.m */,
				84B00A5A2153346200D3697D /* CZLaunchViewController.h */,
				84B00A542153346200D3697D /* CZLaunchViewController.m */,
				84B00A592153346200D3697D /* CZCoverViewController.h */,
				84B00A5D2153346200D3697D /* CZCoverViewController.m */,
				84B00A5C2153346200D3697D /* CZTabBarController.h */,
				84B00A552153346200D3697D /* CZTabBarController.m */,
				84B00A562153346200D3697D /* CZNavigationController.h */,
				84B00A5E2153346200D3697D /* CZNavigationController.m */,
			);
			path = Main;
			sourceTree = "<group>";
		};
		84B00A65215334B100D3697D /* Assets */ = {
			isa = PBXGroup;
			children = (
				840922DE215DC52900A089A6 /* hud_loading_00@2x.png */,
				840922E0215DC52900A089A6 /* hud_loading_01@2x.png */,
				840922DD215DC52900A089A6 /* hud_loading_02@2x.png */,
				840922DF215DC52900A089A6 /* hud_loading_03@2x.png */,
			);
			path = Assets;
			sourceTree = "<group>";
		};
		84B00A68215337C900D3697D /* Base */ = {
			isa = PBXGroup;
			children = (
				84B00A6C215337C900D3697D /* CZBaseViewController.h */,
				84B00A6A215337C900D3697D /* CZBaseViewController.m */,
				84B00A6B215337C900D3697D /* CZBaseView.h */,
				84B00A69215337C900D3697D /* CZBaseView.m */,
			);
			path = Base;
			sourceTree = "<group>";
		};
		84B00A6F21533DFE00D3697D /* Store */ = {
			isa = PBXGroup;
			children = (
				8479650A21819D7F002290DF /* Tools */,
				84B00A68215337C900D3697D /* Base */,
				84B00A522153346200D3697D /* Main */,
			);
			path = Store;
			sourceTree = "<group>";
		};
		84B00A7E2153501000D3697D /* FoundationCategory */ = {
			isa = PBXGroup;
			children = (
				84B00A092152568200D3697D /* CZFoundationHeader.h */,
				847965112181A97D002290DF /* NSArray+cz.h */,
				847965122181A97D002290DF /* NSArray+cz.m */,
				8479650E2181A3B2002290DF /* NSDictionary+cz.h */,
				8479650F2181A3B2002290DF /* NSDictionary+cz.m */,
				84B00A082152568200D3697D /* NSMutableDictionary+cz.h */,
				84B00A0B2152568200D3697D /* NSMutableDictionary+cz.m */,
				840922E6215E04BA00A089A6 /* NSObject+cz.h */,
				840922E7215E04BA00A089A6 /* NSObject+cz.m */,
				84B00A072152568200D3697D /* NSString+cz.h */,
				84B00A0A2152568200D3697D /* NSString+cz.m */,
			);
			name = FoundationCategory;
			sourceTree = "<group>";
		};
		84B00A802153507100D3697D /* Tools */ = {
			isa = PBXGroup;
			children = (
				84B00A662153370000D3697D /* CZToolsHeader.h */,
				84B00A292153343400D3697D /* CZAdaptTool.h */,
				84B00A2E2153343400D3697D /* CZAdaptTool.m */,
				84B00A2A2153343400D3697D /* CZDateTransform.h */,
				84B00A2D2153343400D3697D /* CZDateTransform.m */,
				840922EC215E2C5200A089A6 /* CZHTTP.h */,
				840922ED215E2C5200A089A6 /* CZHTTP.m */,
				84B00A272153343400D3697D /* CZLog.h */,
				84B00A2B2153343400D3697D /* CZLog.m */,
				84B00A2C2153343400D3697D /* CZRandom.h */,
				84B00A282153343400D3697D /* CZRandom.m */,
			);
			name = Tools;
			sourceTree = "<group>";
		};
		84B00A85215350BB00D3697D /* UI */ = {
			isa = PBXGroup;
			children = (
				84B00A672153374F00D3697D /* CZUIHeader.h */,
				84B00A392153345600D3697D /* CZHUD.h */,
				84B00A382153345600D3697D /* CZHUD.m */,
				84B00A342153344700D3697D /* CZOnePixelView.h */,
				84B00A352153344700D3697D /* CZOnePixelView.m */,
			);
			name = UI;
			sourceTree = "<group>";
		};
		84B00A892153542700D3697D /* UIKitCategory */ = {
			isa = PBXGroup;
			children = (
				84B00A102152580E00D3697D /* CZUIKitHeader.h */,
				84B00A112152580E00D3697D /* UIColor+cz.h */,
				84B00A182152580E00D3697D /* UIColor+cz.m */,
				84B00A0F2152580E00D3697D /* UIFont+cz.h */,
				84B00A192152580E00D3697D /* UIFont+cz.m */,
				84B00A1A2152580E00D3697D /* UIImage+cz.h */,
				84B00A142152580E00D3697D /* UIImage+cz.m */,
				84B00A1C2152580E00D3697D /* UINavigationController+cz.h */,
				84B00A162152580E00D3697D /* UINavigationController+cz.m */,
				84B00A1B2152580E00D3697D /* UIScrollView+cz.h */,
				84B00A132152580E00D3697D /* UIScrollView+cz.m */,
				84B00A1D2152580E00D3697D /* UIView+cz.h */,
				84B00A152152580E00D3697D /* UIView+cz.m */,
				84B00A122152580E00D3697D /* UIWindow+cz.h */,
				84B00A172152580E00D3697D /* UIWindow+cz.m */,
			);
			name = UIKitCategory;
			sourceTree = "<group>";
		};
/* End PBXGroup section */

/* Begin PBXNativeTarget section */
		84B009CA21524B2300D3697D /* CZLibrary */ = {
			isa = PBXNativeTarget;
			buildConfigurationList = 84B009F721524B2500D3697D /* Build configuration list for PBXNativeTarget "CZLibrary" */;
			buildPhases = (
				3203EFF33426B58191963C3E /* [CP] Check Pods Manifest.lock */,
				84B009C721524B2300D3697D /* Sources */,
				84B009C821524B2300D3697D /* Frameworks */,
				84B009C921524B2300D3697D /* Resources */,
				A4AEBF59D9ECC8877895695F /* [CP] Copy Pods Resources */,
			);
			buildRules = (
			);
			dependencies = (
			);
			name = CZLibrary;
			productName = CZLibrary;
			productReference = 84B009CB21524B2300D3697D /* CZLibrary.app */;
			productType = "com.apple.product-type.application";
		};
		84B009E221524B2500D3697D /* CZLibraryTests */ = {
			isa = PBXNativeTarget;
			buildConfigurationList = 84B009FA21524B2500D3697D /* Build configuration list for PBXNativeTarget "CZLibraryTests" */;
			buildPhases = (
				84B009DF21524B2500D3697D /* Sources */,
				84B009E021524B2500D3697D /* Frameworks */,
				84B009E121524B2500D3697D /* Resources */,
			);
			buildRules = (
			);
			dependencies = (
				84B009E521524B2500D3697D /* PBXTargetDependency */,
			);
			name = CZLibraryTests;
			productName = CZLibraryTests;
			productReference = 84B009E321524B2500D3697D /* CZLibraryTests.xctest */;
			productType = "com.apple.product-type.bundle.unit-test";
		};
		84B009ED21524B2500D3697D /* CZLibraryUITests */ = {
			isa = PBXNativeTarget;
			buildConfigurationList = 84B009FD21524B2500D3697D /* Build configuration list for PBXNativeTarget "CZLibraryUITests" */;
			buildPhases = (
				84B009EA21524B2500D3697D /* Sources */,
				84B009EB21524B2500D3697D /* Frameworks */,
				84B009EC21524B2500D3697D /* Resources */,
			);
			buildRules = (
			);
			dependencies = (
				84B009F021524B2500D3697D /* PBXTargetDependency */,
			);
			name = CZLibraryUITests;
			productName = CZLibraryUITests;
			productReference = 84B009EE21524B2500D3697D /* CZLibraryUITests.xctest */;
			productType = "com.apple.product-type.bundle.ui-testing";
		};
/* End PBXNativeTarget section */

/* Begin PBXProject section */
		84B009C321524B2300D3697D /* Project object */ = {
			isa = PBXProject;
			attributes = {
				LastUpgradeCheck = 1000;
				ORGANIZATIONNAME = "居祎炜";
				TargetAttributes = {
					84B009CA21524B2300D3697D = {
						CreatedOnToolsVersion = 10.0;
					};
					84B009E221524B2500D3697D = {
						CreatedOnToolsVersion = 10.0;
						TestTargetID = 84B009CA21524B2300D3697D;
					};
					84B009ED21524B2500D3697D = {
						CreatedOnToolsVersion = 10.0;
						TestTargetID = 84B009CA21524B2300D3697D;
					};
				};
			};
			buildConfigurationList = 84B009C621524B2300D3697D /* Build configuration list for PBXProject "CZLibrary" */;
			compatibilityVersion = "Xcode 9.3";
			developmentRegion = en;
			hasScannedForEncodings = 0;
			knownRegions = (
				en,
				Base,
			);
			mainGroup = 84B009C221524B2300D3697D;
			productRefGroup = 84B009CC21524B2300D3697D /* Products */;
			projectDirPath = "";
			projectRoot = "";
			targets = (
				84B009CA21524B2300D3697D /* CZLibrary */,
				84B009E221524B2500D3697D /* CZLibraryTests */,
				84B009ED21524B2500D3697D /* CZLibraryUITests */,
			);
		};
/* End PBXProject section */

/* Begin PBXResourcesBuildPhase section */
		84B009C921524B2300D3697D /* Resources */ = {
			isa = PBXResourcesBuildPhase;
			buildActionMask = 2147483647;
			files = (
				840922E1215DC52900A089A6 /* hud_loading_02@2x.png in Resources */,
				840922E4215DC52900A089A6 /* hud_loading_01@2x.png in Resources */,
				840922E3215DC52900A089A6 /* hud_loading_03@2x.png in Resources */,
				84B009DB21524B2500D3697D /* LaunchScreen.storyboard in Resources */,
				840922E2215DC52900A089A6 /* hud_loading_00@2x.png in Resources */,
				84B009D821524B2500D3697D /* Assets.xcassets in Resources */,
				84B009D621524B2300D3697D /* Main.storyboard in Resources */,
			);
			runOnlyForDeploymentPostprocessing = 0;
		};
		84B009E121524B2500D3697D /* Resources */ = {
			isa = PBXResourcesBuildPhase;
			buildActionMask = 2147483647;
			files = (
			);
			runOnlyForDeploymentPostprocessing = 0;
		};
		84B009EC21524B2500D3697D /* Resources */ = {
			isa = PBXResourcesBuildPhase;
			buildActionMask = 2147483647;
			files = (
			);
			runOnlyForDeploymentPostprocessing = 0;
		};
/* End PBXResourcesBuildPhase section */

/* Begin PBXShellScriptBuildPhase section */
		3203EFF33426B58191963C3E /* [CP] Check Pods Manifest.lock */ = {
			isa = PBXShellScriptBuildPhase;
			buildActionMask = 2147483647;
			files = (
			);
			inputPaths = (
				"${PODS_PODFILE_DIR_PATH}/Podfile.lock",
				"${PODS_ROOT}/Manifest.lock",
			);
			name = "[CP] Check Pods Manifest.lock";
			outputPaths = (
				"$(DERIVED_FILE_DIR)/Pods-CZLibrary-checkManifestLockResult.txt",
			);
			runOnlyForDeploymentPostprocessing = 0;
			shellPath = /bin/sh;
			shellScript = "diff \"${PODS_PODFILE_DIR_PATH}/Podfile.lock\" \"${PODS_ROOT}/Manifest.lock\" > /dev/null\nif [ $? != 0 ] ; then\n    # print error to STDERR\n    echo \"error: The sandbox is not in sync with the Podfile.lock. Run 'pod install' or update your CocoaPods installation.\" >&2\n    exit 1\nfi\n# This output is used by Xcode 'outputs' to avoid re-running this script phase.\necho \"SUCCESS\" > \"${SCRIPT_OUTPUT_FILE_0}\"\n";
			showEnvVarsInLog = 0;
		};
		A4AEBF59D9ECC8877895695F /* [CP] Copy Pods Resources */ = {
			isa = PBXShellScriptBuildPhase;
			buildActionMask = 2147483647;
			files = (
			);
			inputPaths = (
				"${SRCROOT}/Pods/Target Support Files/Pods-CZLibrary/Pods-CZLibrary-resources.sh",
				"${PODS_ROOT}/IQKeyboardManager/IQKeyboardManager/Resources/IQKeyboardManager.bundle",
				"${PODS_ROOT}/MJRefresh/MJRefresh/MJRefresh.bundle",
				"${PODS_ROOT}/SVProgressHUD/SVProgressHUD/SVProgressHUD.bundle",
			);
			name = "[CP] Copy Pods Resources";
			outputPaths = (
				"${TARGET_BUILD_DIR}/${UNLOCALIZED_RESOURCES_FOLDER_PATH}/IQKeyboardManager.bundle",
				"${TARGET_BUILD_DIR}/${UNLOCALIZED_RESOURCES_FOLDER_PATH}/MJRefresh.bundle",
				"${TARGET_BUILD_DIR}/${UNLOCALIZED_RESOURCES_FOLDER_PATH}/SVProgressHUD.bundle",
			);
			runOnlyForDeploymentPostprocessing = 0;
			shellPath = /bin/sh;
			shellScript = "\"${SRCROOT}/Pods/Target Support Files/Pods-CZLibrary/Pods-CZLibrary-resources.sh\"\n";
			showEnvVarsInLog = 0;
		};
/* End PBXShellScriptBuildPhase section */

/* Begin PBXSourcesBuildPhase section */
		84B009C721524B2300D3697D /* Sources */ = {
			isa = PBXSourcesBuildPhase;
			buildActionMask = 2147483647;
			files = (
				84B00A0C2152568200D3697D /* NSString+cz.m in Sources */,
				847965132181A97D002290DF /* NSArray+cz.m in Sources */,
				84B009D321524B2300D3697D /* ViewController.m in Sources */,
				84B00A1F2152580E00D3697D /* UIImage+cz.m in Sources */,
				84B00A1E2152580E00D3697D /* UIScrollView+cz.m in Sources */,
				84B00A2F2153343400D3697D /* CZRandom.m in Sources */,
				84B009DE21524B2500D3697D /* main.m in Sources */,
				84B00A602153346200D3697D /* CZLaunchViewController.m in Sources */,
				84B00A462153345600D3697D /* CZHUD.m in Sources */,
				84B00A0D2152568200D3697D /* NSMutableDictionary+cz.m in Sources */,
				840922EE215E2C5200A089A6 /* CZHTTP.m in Sources */,
				84B00A362153344700D3697D /* CZOnePixelView.m in Sources */,
				84B00A6D215337C900D3697D /* CZBaseView.m in Sources */,
				84B00A232152580E00D3697D /* UIColor+cz.m in Sources */,
				84B00A222152580E00D3697D /* UIWindow+cz.m in Sources */,
				84B00A642153346200D3697D /* CZNavigationController.m in Sources */,
				847965102181A3B2002290DF /* NSDictionary+cz.m in Sources */,
				840922E8215E04BA00A089A6 /* NSObject+cz.m in Sources */,
				84B009D021524B2300D3697D /* AppDelegate.m in Sources */,
				8479650D21819DA0002290DF /* CZHTTPDemo.m in Sources */,
				84B00A202152580E00D3697D /* UIView+cz.m in Sources */,
				84B00A212152580E00D3697D /* UINavigationController+cz.m in Sources */,
				84B00A632153346200D3697D /* CZCoverViewController.m in Sources */,
				84B00A5F2153346200D3697D /* CZRootViewController.m in Sources */,
				84B00A612153346200D3697D /* CZTabBarController.m in Sources */,
				84B00A242152580E00D3697D /* UIFont+cz.m in Sources */,
				84B00A322153343400D3697D /* CZAdaptTool.m in Sources */,
				84B00A302153343400D3697D /* CZLog.m in Sources */,
				84B00A312153343400D3697D /* CZDateTransform.m in Sources */,
				84B00A6E215337C900D3697D /* CZBaseViewController.m in Sources */,
			);
			runOnlyForDeploymentPostprocessing = 0;
		};
		84B009DF21524B2500D3697D /* Sources */ = {
			isa = PBXSourcesBuildPhase;
			buildActionMask = 2147483647;
			files = (
				84B009E821524B2500D3697D /* CZLibraryTests.m in Sources */,
			);
			runOnlyForDeploymentPostprocessing = 0;
		};
		84B009EA21524B2500D3697D /* Sources */ = {
			isa = PBXSourcesBuildPhase;
			buildActionMask = 2147483647;
			files = (
				84B009F321524B2500D3697D /* CZLibraryUITests.m in Sources */,
			);
			runOnlyForDeploymentPostprocessing = 0;
		};
/* End PBXSourcesBuildPhase section */

/* Begin PBXTargetDependency section */
		84B009E521524B2500D3697D /* PBXTargetDependency */ = {
			isa = PBXTargetDependency;
			target = 84B009CA21524B2300D3697D /* CZLibrary */;
			targetProxy = 84B009E421524B2500D3697D /* PBXContainerItemProxy */;
		};
		84B009F021524B2500D3697D /* PBXTargetDependency */ = {
			isa = PBXTargetDependency;
			target = 84B009CA21524B2300D3697D /* CZLibrary */;
			targetProxy = 84B009EF21524B2500D3697D /* PBXContainerItemProxy */;
		};
/* End PBXTargetDependency section */

/* Begin PBXVariantGroup section */
		84B009D421524B2300D3697D /* Main.storyboard */ = {
			isa = PBXVariantGroup;
			children = (
				84B009D521524B2300D3697D /* Base */,
			);
			name = Main.storyboard;
			sourceTree = "<group>";
		};
		84B009D921524B2500D3697D /* LaunchScreen.storyboard */ = {
			isa = PBXVariantGroup;
			children = (
				84B009DA21524B2500D3697D /* Base */,
			);
			name = LaunchScreen.storyboard;
			sourceTree = "<group>";
		};
/* End PBXVariantGroup section */

/* Begin XCBuildConfiguration section */
		84B009F521524B2500D3697D /* Debug */ = {
			isa = XCBuildConfiguration;
			buildSettings = {
				ALWAYS_SEARCH_USER_PATHS = NO;
				CLANG_ANALYZER_NONNULL = YES;
				CLANG_ANALYZER_NUMBER_OBJECT_CONVERSION = YES_AGGRESSIVE;
				CLANG_CXX_LANGUAGE_STANDARD = "gnu++14";
				CLANG_CXX_LIBRARY = "libc++";
				CLANG_ENABLE_MODULES = YES;
				CLANG_ENABLE_OBJC_ARC = YES;
				CLANG_ENABLE_OBJC_WEAK = YES;
				CLANG_WARN_BLOCK_CAPTURE_AUTORELEASING = YES;
				CLANG_WARN_BOOL_CONVERSION = YES;
				CLANG_WARN_COMMA = YES;
				CLANG_WARN_CONSTANT_CONVERSION = YES;
				CLANG_WARN_DEPRECATED_OBJC_IMPLEMENTATIONS = YES;
				CLANG_WARN_DIRECT_OBJC_ISA_USAGE = YES_ERROR;
				CLANG_WARN_DOCUMENTATION_COMMENTS = YES;
				CLANG_WARN_EMPTY_BODY = YES;
				CLANG_WARN_ENUM_CONVERSION = YES;
				CLANG_WARN_INFINITE_RECURSION = YES;
				CLANG_WARN_INT_CONVERSION = YES;
				CLANG_WARN_NON_LITERAL_NULL_CONVERSION = YES;
				CLANG_WARN_OBJC_IMPLICIT_RETAIN_SELF = YES;
				CLANG_WARN_OBJC_LITERAL_CONVERSION = YES;
				CLANG_WARN_OBJC_ROOT_CLASS = YES_ERROR;
				CLANG_WARN_RANGE_LOOP_ANALYSIS = YES;
				CLANG_WARN_STRICT_PROTOTYPES = YES;
				CLANG_WARN_SUSPICIOUS_MOVE = YES;
				CLANG_WARN_UNGUARDED_AVAILABILITY = YES_AGGRESSIVE;
				CLANG_WARN_UNREACHABLE_CODE = YES;
				CLANG_WARN__DUPLICATE_METHOD_MATCH = YES;
				CODE_SIGN_IDENTITY = "iPhone Developer";
				COPY_PHASE_STRIP = NO;
				DEBUG_INFORMATION_FORMAT = dwarf;
				ENABLE_STRICT_OBJC_MSGSEND = YES;
				ENABLE_TESTABILITY = YES;
				GCC_C_LANGUAGE_STANDARD = gnu11;
				GCC_DYNAMIC_NO_PIC = NO;
				GCC_NO_COMMON_BLOCKS = YES;
				GCC_OPTIMIZATION_LEVEL = 0;
				GCC_PREPROCESSOR_DEFINITIONS = (
					"DEBUG=1",
					"$(inherited)",
				);
				GCC_WARN_64_TO_32_BIT_CONVERSION = YES;
				GCC_WARN_ABOUT_RETURN_TYPE = YES_ERROR;
				GCC_WARN_UNDECLARED_SELECTOR = YES;
				GCC_WARN_UNINITIALIZED_AUTOS = YES_AGGRESSIVE;
				GCC_WARN_UNUSED_FUNCTION = YES;
				GCC_WARN_UNUSED_VARIABLE = YES;
				IPHONEOS_DEPLOYMENT_TARGET = 12.0;
				MTL_ENABLE_DEBUG_INFO = INCLUDE_SOURCE;
				MTL_FAST_MATH = YES;
				ONLY_ACTIVE_ARCH = YES;
				SDKROOT = iphoneos;
			};
			name = Debug;
		};
		84B009F621524B2500D3697D /* Release */ = {
			isa = XCBuildConfiguration;
			buildSettings = {
				ALWAYS_SEARCH_USER_PATHS = NO;
				CLANG_ANALYZER_NONNULL = YES;
				CLANG_ANALYZER_NUMBER_OBJECT_CONVERSION = YES_AGGRESSIVE;
				CLANG_CXX_LANGUAGE_STANDARD = "gnu++14";
				CLANG_CXX_LIBRARY = "libc++";
				CLANG_ENABLE_MODULES = YES;
				CLANG_ENABLE_OBJC_ARC = YES;
				CLANG_ENABLE_OBJC_WEAK = YES;
				CLANG_WARN_BLOCK_CAPTURE_AUTORELEASING = YES;
				CLANG_WARN_BOOL_CONVERSION = YES;
				CLANG_WARN_COMMA = YES;
				CLANG_WARN_CONSTANT_CONVERSION = YES;
				CLANG_WARN_DEPRECATED_OBJC_IMPLEMENTATIONS = YES;
				CLANG_WARN_DIRECT_OBJC_ISA_USAGE = YES_ERROR;
				CLANG_WARN_DOCUMENTATION_COMMENTS = YES;
				CLANG_WARN_EMPTY_BODY = YES;
				CLANG_WARN_ENUM_CONVERSION = YES;
				CLANG_WARN_INFINITE_RECURSION = YES;
				CLANG_WARN_INT_CONVERSION = YES;
				CLANG_WARN_NON_LITERAL_NULL_CONVERSION = YES;
				CLANG_WARN_OBJC_IMPLICIT_RETAIN_SELF = YES;
				CLANG_WARN_OBJC_LITERAL_CONVERSION = YES;
				CLANG_WARN_OBJC_ROOT_CLASS = YES_ERROR;
				CLANG_WARN_RANGE_LOOP_ANALYSIS = YES;
				CLANG_WARN_STRICT_PROTOTYPES = YES;
				CLANG_WARN_SUSPICIOUS_MOVE = YES;
				CLANG_WARN_UNGUARDED_AVAILABILITY = YES_AGGRESSIVE;
				CLANG_WARN_UNREACHABLE_CODE = YES;
				CLANG_WARN__DUPLICATE_METHOD_MATCH = YES;
				CODE_SIGN_IDENTITY = "iPhone Developer";
				COPY_PHASE_STRIP = NO;
				DEBUG_INFORMATION_FORMAT = "dwarf-with-dsym";
				ENABLE_NS_ASSERTIONS = NO;
				ENABLE_STRICT_OBJC_MSGSEND = YES;
				GCC_C_LANGUAGE_STANDARD = gnu11;
				GCC_NO_COMMON_BLOCKS = YES;
				GCC_WARN_64_TO_32_BIT_CONVERSION = YES;
				GCC_WARN_ABOUT_RETURN_TYPE = YES_ERROR;
				GCC_WARN_UNDECLARED_SELECTOR = YES;
				GCC_WARN_UNINITIALIZED_AUTOS = YES_AGGRESSIVE;
				GCC_WARN_UNUSED_FUNCTION = YES;
				GCC_WARN_UNUSED_VARIABLE = YES;
				IPHONEOS_DEPLOYMENT_TARGET = 12.0;
				MTL_ENABLE_DEBUG_INFO = NO;
				MTL_FAST_MATH = YES;
				SDKROOT = iphoneos;
				VALIDATE_PRODUCT = YES;
			};
			name = Release;
		};
		84B009F821524B2500D3697D /* Debug */ = {
			isa = XCBuildConfiguration;
			baseConfigurationReference = F3A9D04ACB15219D5E2AD3B1 /* Pods-CZLibrary.debug.xcconfig */;
			buildSettings = {
				ASSETCATALOG_COMPILER_APPICON_NAME = AppIcon;
				CODE_SIGN_STYLE = Automatic;
				DEVELOPMENT_TEAM = TZUL3JZQ3E;
				INFOPLIST_FILE = CZLibrary/Info.plist;
				IPHONEOS_DEPLOYMENT_TARGET = 9;
				LD_RUNPATH_SEARCH_PATHS = (
					"$(inherited)",
					"@executable_path/Frameworks",
				);
				PRODUCT_BUNDLE_IDENTIFIER = com.juyiwei.CZLibrary;
				PRODUCT_NAME = "$(TARGET_NAME)";
				TARGETED_DEVICE_FAMILY = 1;
			};
			name = Debug;
		};
		84B009F921524B2500D3697D /* Release */ = {
			isa = XCBuildConfiguration;
			baseConfigurationReference = 1D30D4208500DAF78794AACB /* Pods-CZLibrary.release.xcconfig */;
			buildSettings = {
				ASSETCATALOG_COMPILER_APPICON_NAME = AppIcon;
				CODE_SIGN_STYLE = Automatic;
				DEVELOPMENT_TEAM = TZUL3JZQ3E;
				INFOPLIST_FILE = CZLibrary/Info.plist;
				IPHONEOS_DEPLOYMENT_TARGET = 9;
				LD_RUNPATH_SEARCH_PATHS = (
					"$(inherited)",
					"@executable_path/Frameworks",
				);
				PRODUCT_BUNDLE_IDENTIFIER = com.juyiwei.CZLibrary;
				PRODUCT_NAME = "$(TARGET_NAME)";
				TARGETED_DEVICE_FAMILY = 1;
			};
			name = Release;
		};
		84B009FB21524B2500D3697D /* Debug */ = {
			isa = XCBuildConfiguration;
			buildSettings = {
				BUNDLE_LOADER = "$(TEST_HOST)";
				CODE_SIGN_STYLE = Automatic;
				DEVELOPMENT_TEAM = TZUL3JZQ3E;
				INFOPLIST_FILE = CZLibraryTests/Info.plist;
				LD_RUNPATH_SEARCH_PATHS = (
					"$(inherited)",
					"@executable_path/Frameworks",
					"@loader_path/Frameworks",
				);
				PRODUCT_BUNDLE_IDENTIFIER = com.juyiwei.CZLibraryTests;
				PRODUCT_NAME = "$(TARGET_NAME)";
				TARGETED_DEVICE_FAMILY = "1,2";
				TEST_HOST = "$(BUILT_PRODUCTS_DIR)/CZLibrary.app/CZLibrary";
			};
			name = Debug;
		};
		84B009FC21524B2500D3697D /* Release */ = {
			isa = XCBuildConfiguration;
			buildSettings = {
				BUNDLE_LOADER = "$(TEST_HOST)";
				CODE_SIGN_STYLE = Automatic;
				DEVELOPMENT_TEAM = TZUL3JZQ3E;
				INFOPLIST_FILE = CZLibraryTests/Info.plist;
				LD_RUNPATH_SEARCH_PATHS = (
					"$(inherited)",
					"@executable_path/Frameworks",
					"@loader_path/Frameworks",
				);
				PRODUCT_BUNDLE_IDENTIFIER = com.juyiwei.CZLibraryTests;
				PRODUCT_NAME = "$(TARGET_NAME)";
				TARGETED_DEVICE_FAMILY = "1,2";
				TEST_HOST = "$(BUILT_PRODUCTS_DIR)/CZLibrary.app/CZLibrary";
			};
			name = Release;
		};
		84B009FE21524B2500D3697D /* Debug */ = {
			isa = XCBuildConfiguration;
			buildSettings = {
				CODE_SIGN_STYLE = Automatic;
				DEVELOPMENT_TEAM = TZUL3JZQ3E;
				INFOPLIST_FILE = CZLibraryUITests/Info.plist;
				LD_RUNPATH_SEARCH_PATHS = (
					"$(inherited)",
					"@executable_path/Frameworks",
					"@loader_path/Frameworks",
				);
				PRODUCT_BUNDLE_IDENTIFIER = com.juyiwei.CZLibraryUITests;
				PRODUCT_NAME = "$(TARGET_NAME)";
				TARGETED_DEVICE_FAMILY = "1,2";
				TEST_TARGET_NAME = CZLibrary;
			};
			name = Debug;
		};
		84B009FF21524B2500D3697D /* Release */ = {
			isa = XCBuildConfiguration;
			buildSettings = {
				CODE_SIGN_STYLE = Automatic;
				DEVELOPMENT_TEAM = TZUL3JZQ3E;
				INFOPLIST_FILE = CZLibraryUITests/Info.plist;
				LD_RUNPATH_SEARCH_PATHS = (
					"$(inherited)",
					"@executable_path/Frameworks",
					"@loader_path/Frameworks",
				);
				PRODUCT_BUNDLE_IDENTIFIER = com.juyiwei.CZLibraryUITests;
				PRODUCT_NAME = "$(TARGET_NAME)";
				TARGETED_DEVICE_FAMILY = "1,2";
				TEST_TARGET_NAME = CZLibrary;
			};
			name = Release;
		};
/* End XCBuildConfiguration section */

/* Begin XCConfigurationList section */
		84B009C621524B2300D3697D /* Build configuration list for PBXProject "CZLibrary" */ = {
			isa = XCConfigurationList;
			buildConfigurations = (
				84B009F521524B2500D3697D /* Debug */,
				84B009F621524B2500D3697D /* Release */,
			);
			defaultConfigurationIsVisible = 0;
			defaultConfigurationName = Release;
		};
		84B009F721524B2500D3697D /* Build configuration list for PBXNativeTarget "CZLibrary" */ = {
			isa = XCConfigurationList;
			buildConfigurations = (
				84B009F821524B2500D3697D /* Debug */,
				84B009F921524B2500D3697D /* Release */,
			);
			defaultConfigurationIsVisible = 0;
			defaultConfigurationName = Release;
		};
		84B009FA21524B2500D3697D /* Build configuration list for PBXNativeTarget "CZLibraryTests" */ = {
			isa = XCConfigurationList;
			buildConfigurations = (
				84B009FB21524B2500D3697D /* Debug */,
				84B009FC21524B2500D3697D /* Release */,
			);
			defaultConfigurationIsVisible = 0;
			defaultConfigurationName = Release;
		};
		84B009FD21524B2500D3697D /* Build configuration list for PBXNativeTarget "CZLibraryUITests" */ = {
			isa = XCConfigurationList;
			buildConfigurations = (
				84B009FE21524B2500D3697D /* Debug */,
				84B009FF21524B2500D3697D /* Release */,
			);
			defaultConfigurationIsVisible = 0;
			defaultConfigurationName = Release;
		};
/* End XCConfigurationList section */
	};
	rootObject = 84B009C321524B2300D3697D /* Project object */;
}
